
Microsoft Visual Studio Solution File, Format Version 12.00
# Visual Studio Version 17
VisualStudioVersion = 17.5.33516.290
MinimumVisualStudioVersion = 10.0.40219.1
Project("{FAE04EC0-301F-11D3-BF4B-00C04F79EFBC}") = "Coursework", "Coursework.csproj", "{BF52DF64-E884-4283-A190-BA7F187F6C7B}"
EndProject
Global
	GlobalSection(SolutionConfigurationPlatforms) = preSolution
		Debug|Any CPU = Debug|Any CPU
		Release|Any CPU = Release|Any CPU
	EndGlobalSection
	GlobalSection(ProjectConfigurationPlatforms) = postSolution
		{BF52DF64-E884-4283-A190-BA7F187F6C7B}.Debug|Any CPU.ActiveCfg = Debug|Any CPU
		{BF52DF64-E884-4283-A190-BA7F187F6C7B}.Debug|Any CPU.Build.0 = Debug|Any CPU
		{BF52DF64-E884-4283-A190-BA7F187F6C7B}.Release|Any CPU.ActiveCfg = Release|Any CPU
		{BF52DF64-E884-4283-A190-BA7F187F6C7B}.Release|Any CPU.Build.0 = Release|Any CPU
	EndGlobalSection
	GlobalSection(SolutionProperties) = preSolution
		HideSolutionNode = FALSE
	EndGlobalSection
	GlobalSection(ExtensibilityGlobals) = postSolution
		SolutionGuid = {76986BD1-327D-48C9-9C3F-E88F4C66D5EB}
	EndGlobalSection
EndGlobal
